
Microsoft Visual Studio Solution File, Format Version 11.00
# Visual Studio 2010
# SharpDevelop 5.2
Project("{FAE04EC0-301F-11D3-BF4B-00C04F79EFBC}") = "atv 16", "atv 16\atv 16.csproj", "{D9698FAE-94B2-4B14-86E1-119A5B51B247}"
EndProject
Global
	GlobalSection(SolutionConfigurationPlatforms) = preSolution
		Debug|Any CPU = Debug|Any CPU
		Release|Any CPU = Release|Any CPU
	EndGlobalSection
	GlobalSection(ProjectConfigurationPlatforms) = postSolution
		{D9698FAE-94B2-4B14-86E1-119A5B51B247}.Debug|Any CPU.ActiveCfg = Debug|Any CPU
		{D9698FAE-94B2-4B14-86E1-119A5B51B247}.Debug|Any CPU.Build.0 = Debug|Any CPU
		{D9698FAE-94B2-4B14-86E1-119A5B51B247}.Release|Any CPU.ActiveCfg = Release|Any CPU
		{D9698FAE-94B2-4B14-86E1-119A5B51B247}.Release|Any CPU.Build.0 = Release|Any CPU
	EndGlobalSection
EndGlobal
