
Microsoft Visual Studio Solution File, Format Version 11.00
# Visual Studio 2010
# SharpDevelop 5.2
Project("{FAE04EC0-301F-11D3-BF4B-00C04F79EFBC}") = "maior valor entrev3 numeros", "maior valor entrev3 numeros\maior valor entrev3 numeros.csproj", "{7EF539CF-DC9D-4B3B-9D75-CC422341473A}"
EndProject
Global
	GlobalSection(SolutionConfigurationPlatforms) = preSolution
		Debug|Any CPU = Debug|Any CPU
		Release|Any CPU = Release|Any CPU
	EndGlobalSection
	GlobalSection(ProjectConfigurationPlatforms) = postSolution
		{7EF539CF-DC9D-4B3B-9D75-CC422341473A}.Debug|Any CPU.ActiveCfg = Debug|Any CPU
		{7EF539CF-DC9D-4B3B-9D75-CC422341473A}.Debug|Any CPU.Build.0 = Debug|Any CPU
		{7EF539CF-DC9D-4B3B-9D75-CC422341473A}.Release|Any CPU.ActiveCfg = Release|Any CPU
		{7EF539CF-DC9D-4B3B-9D75-CC422341473A}.Release|Any CPU.Build.0 = Release|Any CPU
	EndGlobalSection
EndGlobal
