
Microsoft Visual Studio Solution File, Format Version 11.00
# Visual Studio 2010
# SharpDevelop 5.2
Project("{FAE04EC0-301F-11D3-BF4B-00C04F79EFBC}") = "atv 19", "atv 19\atv 19.csproj", "{FD585EE3-E790-459F-9251-D7B3B0069320}"
EndProject
Global
	GlobalSection(SolutionConfigurationPlatforms) = preSolution
		Debug|Any CPU = Debug|Any CPU
		Release|Any CPU = Release|Any CPU
	EndGlobalSection
	GlobalSection(ProjectConfigurationPlatforms) = postSolution
		{FD585EE3-E790-459F-9251-D7B3B0069320}.Debug|Any CPU.ActiveCfg = Debug|Any CPU
		{FD585EE3-E790-459F-9251-D7B3B0069320}.Debug|Any CPU.Build.0 = Debug|Any CPU
		{FD585EE3-E790-459F-9251-D7B3B0069320}.Release|Any CPU.ActiveCfg = Release|Any CPU
		{FD585EE3-E790-459F-9251-D7B3B0069320}.Release|Any CPU.Build.0 = Release|Any CPU
	EndGlobalSection
EndGlobal
